
Microsoft Visual Studio Solution File, Format Version 12.00
# Visual Studio Version 17
VisualStudioVersion = 17.12.35527.113
MinimumVisualStudioVersion = 10.0.40219.1
Project("{9A19103F-16F7-4668-BE54-9A1E7A4F7556}") = "CarRental.Domain", "CarRental.Domain\CarRental.Domain.csproj", "{9CCD5A5E-E8C6-4791-848F-1D97CF20E1E5}"
EndProject
Project("{9A19103F-16F7-4668-BE54-9A1E7A4F7556}") = "CarRental.Application", "CarRental.Application\CarRental.Application.csproj", "{47157DB5-C239-4A26-B571-A493154D74B7}"
EndProject
Project("{9A19103F-16F7-4668-BE54-9A1E7A4F7556}") = "CarRental.Infrastructure", "CarRental.Infrastructure\CarRental.Infrastructure.csproj", "{85645686-09DC-4E37-8843-29F772FF32D4}"
EndProject
Project("{9A19103F-16F7-4668-BE54-9A1E7A4F7556}") = "CarRental.API", "CarRental.API\CarRental.API.csproj", "{C321DE36-96D0-4D51-9738-5FBA3DC6CABB}"
EndProject
Project("{9A19103F-16F7-4668-BE54-9A1E7A4F7556}") = "CarRental.Web", "CarRental.Web\CarRental.Web.csproj", "{A209B861-265F-44A3-AD05-69955E03CFA5}"
EndProject
Project("{9A19103F-16F7-4668-BE54-9A1E7A4F7556}") = "CarRental.SOAP", "CarRental.SOAP\CarRental.SOAP.csproj", "{E324BE15-9F96-4E0D-82F3-3672C1B12530}"
EndProject
Project("{FAE04EC0-301F-11D3-BF4B-00C04F79EFBC}") = "CarRental.Tests.", "CarRental.Tests\CarRental.Tests..csproj", "{F8B5AEA2-C8DC-4FA6-BF0C-CC115106D06F}"
EndProject
Project("{2150E333-8FDC-42A3-9474-1A3956D46DE8}") = "Elementy rozwiązania", "Elementy rozwiązania", "{AE10FB52-9972-49CD-AD18-7CDE47E85173}"
	ProjectSection(SolutionItems) = preProject
		smoke-test.ps1 = smoke-test.ps1
	EndProjectSection
EndProject
Global
	GlobalSection(SolutionConfigurationPlatforms) = preSolution
		Debug|Any CPU = Debug|Any CPU
		Release|Any CPU = Release|Any CPU
	EndGlobalSection
	GlobalSection(ProjectConfigurationPlatforms) = postSolution
		{9CCD5A5E-E8C6-4791-848F-1D97CF20E1E5}.Debug|Any CPU.ActiveCfg = Debug|Any CPU
		{9CCD5A5E-E8C6-4791-848F-1D97CF20E1E5}.Debug|Any CPU.Build.0 = Debug|Any CPU
		{9CCD5A5E-E8C6-4791-848F-1D97CF20E1E5}.Release|Any CPU.ActiveCfg = Release|Any CPU
		{9CCD5A5E-E8C6-4791-848F-1D97CF20E1E5}.Release|Any CPU.Build.0 = Release|Any CPU
		{47157DB5-C239-4A26-B571-A493154D74B7}.Debug|Any CPU.ActiveCfg = Debug|Any CPU
		{47157DB5-C239-4A26-B571-A493154D74B7}.Debug|Any CPU.Build.0 = Debug|Any CPU
		{47157DB5-C239-4A26-B571-A493154D74B7}.Release|Any CPU.ActiveCfg = Release|Any CPU
		{47157DB5-C239-4A26-B571-A493154D74B7}.Release|Any CPU.Build.0 = Release|Any CPU
		{85645686-09DC-4E37-8843-29F772FF32D4}.Debug|Any CPU.ActiveCfg = Debug|Any CPU
		{85645686-09DC-4E37-8843-29F772FF32D4}.Debug|Any CPU.Build.0 = Debug|Any CPU
		{85645686-09DC-4E37-8843-29F772FF32D4}.Release|Any CPU.ActiveCfg = Release|Any CPU
		{85645686-09DC-4E37-8843-29F772FF32D4}.Release|Any CPU.Build.0 = Release|Any CPU
		{C321DE36-96D0-4D51-9738-5FBA3DC6CABB}.Debug|Any CPU.ActiveCfg = Debug|Any CPU
		{C321DE36-96D0-4D51-9738-5FBA3DC6CABB}.Debug|Any CPU.Build.0 = Debug|Any CPU
		{C321DE36-96D0-4D51-9738-5FBA3DC6CABB}.Release|Any CPU.ActiveCfg = Release|Any CPU
		{C321DE36-96D0-4D51-9738-5FBA3DC6CABB}.Release|Any CPU.Build.0 = Release|Any CPU
		{A209B861-265F-44A3-AD05-69955E03CFA5}.Debug|Any CPU.ActiveCfg = Debug|Any CPU
		{A209B861-265F-44A3-AD05-69955E03CFA5}.Debug|Any CPU.Build.0 = Debug|Any CPU
		{A209B861-265F-44A3-AD05-69955E03CFA5}.Release|Any CPU.ActiveCfg = Release|Any CPU
		{A209B861-265F-44A3-AD05-69955E03CFA5}.Release|Any CPU.Build.0 = Release|Any CPU
		{E324BE15-9F96-4E0D-82F3-3672C1B12530}.Debug|Any CPU.ActiveCfg = Debug|Any CPU
		{E324BE15-9F96-4E0D-82F3-3672C1B12530}.Debug|Any CPU.Build.0 = Debug|Any CPU
		{E324BE15-9F96-4E0D-82F3-3672C1B12530}.Release|Any CPU.ActiveCfg = Release|Any CPU
		{E324BE15-9F96-4E0D-82F3-3672C1B12530}.Release|Any CPU.Build.0 = Release|Any CPU
		{F8B5AEA2-C8DC-4FA6-BF0C-CC115106D06F}.Debug|Any CPU.ActiveCfg = Debug|Any CPU
		{F8B5AEA2-C8DC-4FA6-BF0C-CC115106D06F}.Debug|Any CPU.Build.0 = Debug|Any CPU
		{F8B5AEA2-C8DC-4FA6-BF0C-CC115106D06F}.Release|Any CPU.ActiveCfg = Release|Any CPU
		{F8B5AEA2-C8DC-4FA6-BF0C-CC115106D06F}.Release|Any CPU.Build.0 = Release|Any CPU
	EndGlobalSection
	GlobalSection(SolutionProperties) = preSolution
		HideSolutionNode = FALSE
	EndGlobalSection
	GlobalSection(ExtensibilityGlobals) = postSolution
		SolutionGuid = {7A28EA05-6E2A-4AA0-B7E3-0CCD2E2AB6F1}
	EndGlobalSection
EndGlobal
